
Microsoft Visual Studio Solution File, Format Version 12.00
# Visual Studio Version 17
VisualStudioVersion = 17.5.002.0
MinimumVisualStudioVersion = 10.0.40219.1
Project("{9A19103F-16F7-4668-BE54-9A1E7A4F7556}") = "ArpaPlusPhonemizer", "ARPAsingPlusPhonemizer\ArpaPlusPhonemizer.csproj", "{5ECB4FF1-0908-4D5E-9820-93825F639DC8}"
EndProject
Global
	GlobalSection(SolutionConfigurationPlatforms) = preSolution
		Debug|Any CPU = Debug|Any CPU
		Release|Any CPU = Release|Any CPU
	EndGlobalSection
	GlobalSection(ProjectConfigurationPlatforms) = postSolution
		{5ECB4FF1-0908-4D5E-9820-93825F639DC8}.Debug|Any CPU.ActiveCfg = Debug|Any CPU
		{5ECB4FF1-0908-4D5E-9820-93825F639DC8}.Debug|Any CPU.Build.0 = Debug|Any CPU
		{5ECB4FF1-0908-4D5E-9820-93825F639DC8}.Release|Any CPU.ActiveCfg = Release|Any CPU
		{5ECB4FF1-0908-4D5E-9820-93825F639DC8}.Release|Any CPU.Build.0 = Release|Any CPU
	EndGlobalSection
	GlobalSection(SolutionProperties) = preSolution
		HideSolutionNode = FALSE
	EndGlobalSection
	GlobalSection(ExtensibilityGlobals) = postSolution
		SolutionGuid = {5ABD282C-CBFB-4543-8870-FAEF9B480F54}
	EndGlobalSection
EndGlobal
